
Microsoft Visual Studio Solution File, Format Version 12.00
# Visual Studio Version 16
VisualStudioVersion = 16.0.32106.194
MinimumVisualStudioVersion = 10.0.40219.1
Project("{9A19103F-16F7-4668-BE54-9A1E7A4F7556}") = "BuildTimestampGenerator", "BuildTimestampGenerator.csproj", "{5C80EB6D-4A6E-4FCC-9EA3-38AF28E65352}"
EndProject
Project("{2150E333-8FDC-42A3-9474-1A3956D46DE8}") = "Solution Items", "Solution Items", "{7DE994D2-537F-4D59-9D5C-D45C1478899B}"
	ProjectSection(SolutionItems) = preProject
		.editorconfig = .editorconfig
		copyright = copyright
		.github\workflows\dotnet.yaml = .github\workflows\dotnet.yaml
		LICENSE = LICENSE
		README.md = README.md
	EndProjectSection
EndProject
Global
	GlobalSection(SolutionConfigurationPlatforms) = preSolution
		Debug|Any CPU = Debug|Any CPU
		Release|Any CPU = Release|Any CPU
	EndGlobalSection
	GlobalSection(ProjectConfigurationPlatforms) = postSolution
		{5C80EB6D-4A6E-4FCC-9EA3-38AF28E65352}.Debug|Any CPU.ActiveCfg = Debug|Any CPU
		{5C80EB6D-4A6E-4FCC-9EA3-38AF28E65352}.Debug|Any CPU.Build.0 = Debug|Any CPU
		{5C80EB6D-4A6E-4FCC-9EA3-38AF28E65352}.Release|Any CPU.ActiveCfg = Release|Any CPU
		{5C80EB6D-4A6E-4FCC-9EA3-38AF28E65352}.Release|Any CPU.Build.0 = Release|Any CPU
	EndGlobalSection
	GlobalSection(SolutionProperties) = preSolution
		HideSolutionNode = FALSE
	EndGlobalSection
	GlobalSection(ExtensibilityGlobals) = postSolution
		SolutionGuid = {18A1377F-17A9-401D-8B18-B15DE81A44CD}
	EndGlobalSection
EndGlobal
